PODS:
  - CPhotoPicker (0.0.1):
    - SVProgressHUD (~> 2.0.3)
  - SVProgressHUD (2.0.4)

DEPENDENCIES:
  - CPhotoPicker (from `../`)

EXTERNAL SOURCES:
  CPhotoPicker:
    :path: "../"

SPEC CHECKSUMS:
  CPhotoPicker: f6ba7689cc6ef3ddb8a6ed580f2f3fcd72499bad
  SVProgressHUD: bfde85ed6c573ea802b9cb37894ed9b629034f1b

PODFILE CHECKSUM: 4bcbb7646fd24652f483da762095afe225cd03f8

COCOAPODS: 1.2.0.beta.3
