PODS:
  - CPhotoPicker (0.0.9):
    - SVProgressHUD (~> 2.0.3)
  - SVProgressHUD (2.0.4)

DEPENDENCIES:
  - CPhotoPicker (from `../`)

EXTERNAL SOURCES:
  CPhotoPicker:
    :path: ../

SPEC CHECKSUMS:
  CPhotoPicker: 35b919c88bdaaf2e436e8b1e7735dddb0aa03137
  SVProgressHUD: bfde85ed6c573ea802b9cb37894ed9b629034f1b

PODFILE CHECKSUM: 4bcbb7646fd24652f483da762095afe225cd03f8

COCOAPODS: 1.2.0.beta.3
